
Microsoft Visual Studio Solution File, Format Version 12.00
# Visual Studio 14
VisualStudioVersion = 14.0.25420.1
MinimumVisualStudioVersion = 10.0.40219.1
Project("{FAE04EC0-301F-11D3-BF4B-00C04F79EFBC}") = "Multi-Tools", "Multi-Tools\Multi-Tools.csproj", "{B4A0E6FB-5EF9-49CA-B298-FD5E81C97645}"
EndProject
Project("{FAE04EC0-301F-11D3-BF4B-00C04F79EFBC}") = "XmlSettings", "XmlSettings\XmlSettings.csproj", "{B539DCBD-7248-438F-B1B0-2225E8C14D3C}"
EndProject
Global
	GlobalSection(SolutionConfigurationPlatforms) = preSolution
		Debug|Any CPU = Debug|Any CPU
		Release|Any CPU = Release|Any CPU
	EndGlobalSection
	GlobalSection(ProjectConfigurationPlatforms) = postSolution
		{B4A0E6FB-5EF9-49CA-B298-FD5E81C97645}.Debug|Any CPU.ActiveCfg = Debug|Any CPU
		{B4A0E6FB-5EF9-49CA-B298-FD5E81C97645}.Debug|Any CPU.Build.0 = Debug|Any CPU
		{B4A0E6FB-5EF9-49CA-B298-FD5E81C97645}.Release|Any CPU.ActiveCfg = Release|Any CPU
		{B4A0E6FB-5EF9-49CA-B298-FD5E81C97645}.Release|Any CPU.Build.0 = Release|Any CPU
		{B539DCBD-7248-438F-B1B0-2225E8C14D3C}.Debug|Any CPU.ActiveCfg = Debug|Any CPU
		{B539DCBD-7248-438F-B1B0-2225E8C14D3C}.Debug|Any CPU.Build.0 = Debug|Any CPU
		{B539DCBD-7248-438F-B1B0-2225E8C14D3C}.Release|Any CPU.ActiveCfg = Release|Any CPU
		{B539DCBD-7248-438F-B1B0-2225E8C14D3C}.Release|Any CPU.Build.0 = Release|Any CPU
	EndGlobalSection
	GlobalSection(SolutionProperties) = preSolution
		HideSolutionNode = FALSE
	EndGlobalSection
EndGlobal
